
Microsoft Visual Studio Solution File, Format Version 12.00
# Visual Studio Version 16
VisualStudioVersion = 16.0.30907.101
MinimumVisualStudioVersion = 10.0.40219.1
Project("{9A19103F-16F7-4668-BE54-9A1E7A4F7556}") = "Csharp.CardanoCLI", "Csharp.CardanoCLI\Csharp.CardanoCLI.csproj", "{CECF59DE-9F5F-4AAA-A94A-6335261C1417}"
EndProject
Project("{9A19103F-16F7-4668-BE54-9A1E7A4F7556}") = "ExampleApp", "ExampleApp\ExampleApp.csproj", "{228F345C-4DD5-4374-BDBF-CEFB13A40182}"
EndProject
Global
	GlobalSection(SolutionConfigurationPlatforms) = preSolution
		Debug|Any CPU = Debug|Any CPU
		Release|Any CPU = Release|Any CPU
	EndGlobalSection
	GlobalSection(ProjectConfigurationPlatforms) = postSolution
		{CECF59DE-9F5F-4AAA-A94A-6335261C1417}.Debug|Any CPU.ActiveCfg = Debug|Any CPU
		{CECF59DE-9F5F-4AAA-A94A-6335261C1417}.Debug|Any CPU.Build.0 = Debug|Any CPU
		{CECF59DE-9F5F-4AAA-A94A-6335261C1417}.Release|Any CPU.ActiveCfg = Release|Any CPU
		{CECF59DE-9F5F-4AAA-A94A-6335261C1417}.Release|Any CPU.Build.0 = Release|Any CPU
		{228F345C-4DD5-4374-BDBF-CEFB13A40182}.Debug|Any CPU.ActiveCfg = Debug|Any CPU
		{228F345C-4DD5-4374-BDBF-CEFB13A40182}.Debug|Any CPU.Build.0 = Debug|Any CPU
		{228F345C-4DD5-4374-BDBF-CEFB13A40182}.Release|Any CPU.ActiveCfg = Release|Any CPU
		{228F345C-4DD5-4374-BDBF-CEFB13A40182}.Release|Any CPU.Build.0 = Release|Any CPU
	EndGlobalSection
	GlobalSection(SolutionProperties) = preSolution
		HideSolutionNode = FALSE
	EndGlobalSection
	GlobalSection(ExtensibilityGlobals) = postSolution
		SolutionGuid = {6C8FFFD7-76AF-4A7E-BDB7-DE071C6F4D1F}
	EndGlobalSection
EndGlobal
